// !$*UTF8*$!
{
	archiveVersion = 1;
	classes = {
	};
	objectVersion = 77;
	objects = {

/* Begin PBXBuildFile section */
		04309CEA5AA1BCA67C66240B /* LiveSpaceApp.swift in Sources */ = {isa = PBXBuildFile; fileRef = 66CE1AD425E73FD5BC744B2F /* LiveSpaceApp.swift */; };
		1B8AE655E1A4C5F964EA92C0 /* WindowOpener.swift in Sources */ = {isa = PBXBuildFile; fileRef = E66CDB19E971F6E46759C833 /* WindowOpener.swift */; };
		1F50A92F26475EB7BFAE881B /* LockScreenSync.swift in Sources */ = {isa = PBXBuildFile; fileRef = AC7F1102610ABA4F6AB1FBF6 /* LockScreenSync.swift */; };
		21AD3BA3B815EED75E931D93 /* AppState.swift in Sources */ = {isa = PBXBuildFile; fileRef = 671FF01930872324A7DDA903 /* AppState.swift */; };
		24A98CD0B1CDA3D05050FA1E /* ContentView.swift in Sources */ = {isa = PBXBuildFile; fileRef = 1E82233E71A0940358D5AB7D /* ContentView.swift */; };
		545A357BB883B8A57CC93A82 /* DebugLog.swift in Sources */ = {isa = PBXBuildFile; fileRef = 6343FCA96A5FDFF1F9AA2B58 /* DebugLog.swift */; };
		5955C2C2198789F1D06A0ABB /* WallpaperWindow.swift in Sources */ = {isa = PBXBuildFile; fileRef = 2CBA22FE393F9FCAC44D1DC5 /* WallpaperWindow.swift */; };
		5AA3475B6B5E8CFF5150D144 /* LaunchAtLogin.swift in Sources */ = {isa = PBXBuildFile; fileRef = 9218EE25755B36F6A4A2A46D /* LaunchAtLogin.swift */; };
		64FCDD5608AF510DD91C796F /* HEVCTranscoder.swift in Sources */ = {isa = PBXBuildFile; fileRef = 76F5A70D18183E157028C8A7 /* HEVCTranscoder.swift */; };
		671BCD924A966CF981F64623 /* MenuBarController.swift in Sources */ = {isa = PBXBuildFile; fileRef = 55C1E2ED64F164705F45AFF9 /* MenuBarController.swift */; };
		6E2750F057FF83496BAAF4A3 /* WallpaperEngine.swift in Sources */ = {isa = PBXBuildFile; fileRef = AEF715C8708B54E3F62983A9 /* WallpaperEngine.swift */; };
		83AE9F5C500955BB287C9863 /* PlaylistConfig.swift in Sources */ = {isa = PBXBuildFile; fileRef = 178B6B780DFEBEF895AAD81D /* PlaylistConfig.swift */; };
		83C06D01753F9A78B1F1EA3D /* ScreenLockObserver.swift in Sources */ = {isa = PBXBuildFile; fileRef = 1D622FEB568AD65921DC6979 /* ScreenLockObserver.swift */; };
		8AE61524FD34F42687FB3ED0 /* ConfigStore.swift in Sources */ = {isa = PBXBuildFile; fileRef = 184D5C1CBC6A8ADD1ADE7120 /* ConfigStore.swift */; };
		8D7A221AF0F847B8898E72D0 /* PlaylistConfig.swift in Sources */ = {isa = PBXBuildFile; fileRef = 178B6B780DFEBEF895AAD81D /* PlaylistConfig.swift */; };
		A5DB910031BE5D4BF36F463B /* DebugLog.swift in Sources */ = {isa = PBXBuildFile; fileRef = 6343FCA96A5FDFF1F9AA2B58 /* DebugLog.swift */; };
		A68CBE0D648706FEDC3FFBCC /* PosterFrameSync.swift in Sources */ = {isa = PBXBuildFile; fileRef = 3EED95D6DA0A5A7956D4A341 /* PosterFrameSync.swift */; };
		B7563E2C46D49E7E40FE3B80 /* RotationTrigger.swift in Sources */ = {isa = PBXBuildFile; fileRef = 15BF40A9B178DB94E5077EBE /* RotationTrigger.swift */; };
		CF373F1F8DB39D9AF5D373C8 /* AppDelegate.swift in Sources */ = {isa = PBXBuildFile; fileRef = 32A47B80C14BD653C3D27DF6 /* AppDelegate.swift */; };
		D29FB9E6DFF2C6A885652060 /* LiveSpaceSaverView.swift in Sources */ = {isa = PBXBuildFile; fileRef = 9B9D0248779D668BD6923B89 /* LiveSpaceSaverView.swift */; };
		DAB0FA729FC08A754F61A759 /* RotationTrigger.swift in Sources */ = {isa = PBXBuildFile; fileRef = 15BF40A9B178DB94E5077EBE /* RotationTrigger.swift */; };
		E08522C3E9547B427F3A6941 /* SaverInstaller.swift in Sources */ = {isa = PBXBuildFile; fileRef = 4908F9E9E249EFC5AEE9425F /* SaverInstaller.swift */; };
		F22F343BD56B1FE23EEFAF83 /* ConfigStore.swift in Sources */ = {isa = PBXBuildFile; fileRef = 184D5C1CBC6A8ADD1ADE7120 /* ConfigStore.swift */; };
		FB5A54F4E452DFA311B0AFAB /* RotationController.swift in Sources */ = {isa = PBXBuildFile; fileRef = 5AE9B399A159331D8316487B /* RotationController.swift */; };
/* End PBXBuildFile section */

/* Begin PBXContainerItemProxy section */
		278F6FBE6AE6544D1FC2DF9D /* PBXContainerItemProxy */ = {
			isa = PBXContainerItemProxy;
			containerPortal = 8902BC2AFF63E49EC470E442 /* Project object */;
			proxyType = 1;
			remoteGlobalIDString = C11450D1DF28B2CCF51805C7;
			remoteInfo = LiveSpaceSaver;
		};
/* End PBXContainerItemProxy section */

/* Begin PBXFileReference section */
		15BF40A9B178DB94E5077EBE /* RotationTrigger.swift */ = {isa = PBXFileReference; lastKnownFileType = sourcecode.swift; path = RotationTrigger.swift; sourceTree = "<group>"; };
		178B6B780DFEBEF895AAD81D /* PlaylistConfig.swift */ = {isa = PBXFileReference; lastKnownFileType = sourcecode.swift; path = PlaylistConfig.swift; sourceTree = "<group>"; };
		184D5C1CBC6A8ADD1ADE7120 /* ConfigStore.swift */ = {isa = PBXFileReference; lastKnownFileType = sourcecode.swift; path = ConfigStore.swift; sourceTree = "<group>"; };
		1D622FEB568AD65921DC6979 /* ScreenLockObserver.swift */ = {isa = PBXFileReference; lastKnownFileType = sourcecode.swift; path = ScreenLockObserver.swift; sourceTree = "<group>"; };
		1E82233E71A0940358D5AB7D /* ContentView.swift */ = {isa = PBXFileReference; lastKnownFileType = sourcecode.swift; path = ContentView.swift; sourceTree = "<group>"; };
		2CBA22FE393F9FCAC44D1DC5 /* WallpaperWindow.swift */ = {isa = PBXFileReference; lastKnownFileType = sourcecode.swift; path = WallpaperWindow.swift; sourceTree = "<group>"; };
		32A47B80C14BD653C3D27DF6 /* AppDelegate.swift */ = {isa = PBXFileReference; lastKnownFileType = sourcecode.swift; path = AppDelegate.swift; sourceTree = "<group>"; };
		3EED95D6DA0A5A7956D4A341 /* PosterFrameSync.swift */ = {isa = PBXFileReference; lastKnownFileType = sourcecode.swift; path = PosterFrameSync.swift; sourceTree = "<group>"; };
		4489D7DD0B59C3CA69E0BC6D /* LiveSpace.app */ = {isa = PBXFileReference; explicitFileType = wrapper.application; includeInIndex = 0; path = LiveSpace.app; sourceTree = BUILT_PRODUCTS_DIR; };
		4908F9E9E249EFC5AEE9425F /* SaverInstaller.swift */ = {isa = PBXFileReference; lastKnownFileType = sourcecode.swift; path = SaverInstaller.swift; sourceTree = "<group>"; };
		5149C7E965E77021D92F5272 /* LiveSpaceSaver.bundle */ = {isa = PBXFileReference; explicitFileType = wrapper.cfbundle; includeInIndex = 0; path = LiveSpaceSaver.bundle; sourceTree = BUILT_PRODUCTS_DIR; };
		55C1E2ED64F164705F45AFF9 /* MenuBarController.swift */ = {isa = PBXFileReference; lastKnownFileType = sourcecode.swift; path = MenuBarController.swift; sourceTree = "<group>"; };
		5AE9B399A159331D8316487B /* RotationController.swift */ = {isa = PBXFileReference; lastKnownFileType = sourcecode.swift; path = RotationController.swift; sourceTree = "<group>"; };
		6343FCA96A5FDFF1F9AA2B58 /* DebugLog.swift */ = {isa = PBXFileReference; lastKnownFileType = sourcecode.swift; path = DebugLog.swift; sourceTree = "<group>"; };
		66CE1AD425E73FD5BC744B2F /* LiveSpaceApp.swift */ = {isa = PBXFileReference; lastKnownFileType = sourcecode.swift; path = LiveSpaceApp.swift; sourceTree = "<group>"; };
		671FF01930872324A7DDA903 /* AppState.swift */ = {isa = PBXFileReference; lastKnownFileType = sourcecode.swift; path = AppState.swift; sourceTree = "<group>"; };
		76F5A70D18183E157028C8A7 /* HEVCTranscoder.swift */ = {isa = PBXFileReference; lastKnownFileType = sourcecode.swift; path = HEVCTranscoder.swift; sourceTree = "<group>"; };
		8EC7F627EB134406471F8B7D /* Info.plist */ = {isa = PBXFileReference; lastKnownFileType = text.plist; path = Info.plist; sourceTree = "<group>"; };
		9218EE25755B36F6A4A2A46D /* LaunchAtLogin.swift */ = {isa = PBXFileReference; lastKnownFileType = sourcecode.swift; path = LaunchAtLogin.swift; sourceTree = "<group>"; };
		9B9D0248779D668BD6923B89 /* LiveSpaceSaverView.swift */ = {isa = PBXFileReference; lastKnownFileType = sourcecode.swift; path = LiveSpaceSaverView.swift; sourceTree = "<group>"; };
		A910FDBA7EC0414911D6EECA /* Info.plist */ = {isa = PBXFileReference; lastKnownFileType = text.plist; path = Info.plist; sourceTree = "<group>"; };
		AC7F1102610ABA4F6AB1FBF6 /* LockScreenSync.swift */ = {isa = PBXFileReference; lastKnownFileType = sourcecode.swift; path = LockScreenSync.swift; sourceTree = "<group>"; };
		AEF715C8708B54E3F62983A9 /* WallpaperEngine.swift */ = {isa = PBXFileReference; lastKnownFileType = sourcecode.swift; path = WallpaperEngine.swift; sourceTree = "<group>"; };
		E66CDB19E971F6E46759C833 /* WindowOpener.swift */ = {isa = PBXFileReference; lastKnownFileType = sourcecode.swift; path = WindowOpener.swift; sourceTree = "<group>"; };
/* End PBXFileReference section */

/* Begin PBXGroup section */
		4F4B768ECDB4AEBE51A65956 = {
			isa = PBXGroup;
			children = (
				E7A7D2FF4EF44C1FF638003D /* LiveSpace */,
				F548921D000F4875454DF136 /* LiveSpaceSaver */,
				EF43B50BDF78F1B6A25F8B6F /* Shared */,
				F0B1562F6CE10E55141F4C2E /* Products */,
			);
			sourceTree = "<group>";
		};
		E7A7D2FF4EF44C1FF638003D /* LiveSpace */ = {
			isa = PBXGroup;
			children = (
				32A47B80C14BD653C3D27DF6 /* AppDelegate.swift */,
				671FF01930872324A7DDA903 /* AppState.swift */,
				1E82233E71A0940358D5AB7D /* ContentView.swift */,
				76F5A70D18183E157028C8A7 /* HEVCTranscoder.swift */,
				A910FDBA7EC0414911D6EECA /* Info.plist */,
				9218EE25755B36F6A4A2A46D /* LaunchAtLogin.swift */,
				66CE1AD425E73FD5BC744B2F /* LiveSpaceApp.swift */,
				AC7F1102610ABA4F6AB1FBF6 /* LockScreenSync.swift */,
				55C1E2ED64F164705F45AFF9 /* MenuBarController.swift */,
				3EED95D6DA0A5A7956D4A341 /* PosterFrameSync.swift */,
				5AE9B399A159331D8316487B /* RotationController.swift */,
				4908F9E9E249EFC5AEE9425F /* SaverInstaller.swift */,
				1D622FEB568AD65921DC6979 /* ScreenLockObserver.swift */,
				AEF715C8708B54E3F62983A9 /* WallpaperEngine.swift */,
				2CBA22FE393F9FCAC44D1DC5 /* WallpaperWindow.swift */,
				E66CDB19E971F6E46759C833 /* WindowOpener.swift */,
			);
			path = LiveSpace;
			sourceTree = "<group>";
		};
		EF43B50BDF78F1B6A25F8B6F /* Shared */ = {
			isa = PBXGroup;
			children = (
				184D5C1CBC6A8ADD1ADE7120 /* ConfigStore.swift */,
				6343FCA96A5FDFF1F9AA2B58 /* DebugLog.swift */,
				178B6B780DFEBEF895AAD81D /* PlaylistConfig.swift */,
				15BF40A9B178DB94E5077EBE /* RotationTrigger.swift */,
			);
			path = Shared;
			sourceTree = "<group>";
		};
		F0B1562F6CE10E55141F4C2E /* Products */ = {
			isa = PBXGroup;
			children = (
				4489D7DD0B59C3CA69E0BC6D /* LiveSpace.app */,
				5149C7E965E77021D92F5272 /* LiveSpaceSaver.bundle */,
			);
			name = Products;
			sourceTree = "<group>";
		};
		F548921D000F4875454DF136 /* LiveSpaceSaver */ = {
			isa = PBXGroup;
			children = (
				8EC7F627EB134406471F8B7D /* Info.plist */,
				9B9D0248779D668BD6923B89 /* LiveSpaceSaverView.swift */,
			);
			path = LiveSpaceSaver;
			sourceTree = "<group>";
		};
/* End PBXGroup section */

/* Begin PBXNativeTarget section */
		C11450D1DF28B2CCF51805C7 /* LiveSpaceSaver */ = {
			isa = PBXNativeTarget;
			buildConfigurationList = B9B7FFB1764A26552DEC8BF7 /* Build configuration list for PBXNativeTarget "LiveSpaceSaver" */;
			buildPhases = (
				3245E6671343565BD4730CB0 /* Sources */,
			);
			buildRules = (
			);
			dependencies = (
			);
			name = LiveSpaceSaver;
			packageProductDependencies = (
			);
			productName = LiveSpaceSaver;
			productReference = 5149C7E965E77021D92F5272 /* LiveSpaceSaver.bundle */;
			productType = "com.apple.product-type.bundle";
		};
		F934E50B5C1C2124D4CB885B /* LiveSpace */ = {
			isa = PBXNativeTarget;
			buildConfigurationList = 6806ABBBD643BD92A2671265 /* Build configuration list for PBXNativeTarget "LiveSpace" */;
			buildPhases = (
				07D0398FCE8DA70DD26A4041 /* Sources */,
				A4E4A5744E6BEFB1D1375226 /* Embed Screen Saver Bundle */,
			);
			buildRules = (
			);
			dependencies = (
				24D9A42DB5E5ADF822909B78 /* PBXTargetDependency */,
			);
			name = LiveSpace;
			packageProductDependencies = (
			);
			productName = LiveSpace;
			productReference = 4489D7DD0B59C3CA69E0BC6D /* LiveSpace.app */;
			productType = "com.apple.product-type.application";
		};
/* End PBXNativeTarget section */

/* Begin PBXProject section */
		8902BC2AFF63E49EC470E442 /* Project object */ = {
			isa = PBXProject;
			attributes = {
				BuildIndependentTargetsInParallel = YES;
				LastUpgradeCheck = 1430;
				TargetAttributes = {
					C11450D1DF28B2CCF51805C7 = {
						DevelopmentTeam = CL53882GFX;
						ProvisioningStyle = Automatic;
					};
					F934E50B5C1C2124D4CB885B = {
						DevelopmentTeam = CL53882GFX;
						ProvisioningStyle = Automatic;
					};
				};
			};
			buildConfigurationList = C921258BAC7035D8CBD2DF8D /* Build configuration list for PBXProject "LiveSpace" */;
			developmentRegion = en;
			hasScannedForEncodings = 0;
			knownRegions = (
				Base,
				en,
			);
			mainGroup = 4F4B768ECDB4AEBE51A65956;
			minimizedProjectReferenceProxies = 1;
			preferredProjectObjectVersion = 77;
			productRefGroup = F0B1562F6CE10E55141F4C2E /* Products */;
			projectDirPath = "";
			projectRoot = "";
			targets = (
				F934E50B5C1C2124D4CB885B /* LiveSpace */,
				C11450D1DF28B2CCF51805C7 /* LiveSpaceSaver */,
			);
		};
/* End PBXProject section */

/* Begin PBXShellScriptBuildPhase section */
		A4E4A5744E6BEFB1D1375226 /* Embed Screen Saver Bundle */ = {
			isa = PBXShellScriptBuildPhase;
			alwaysOutOfDate = 1;
			buildActionMask = 2147483647;
			files = (
			);
			inputFileListPaths = (
			);
			inputPaths = (
			);
			name = "Embed Screen Saver Bundle";
			outputFileListPaths = (
			);
			outputPaths = (
			);
			runOnlyForDeploymentPostprocessing = 0;
			shellPath = /bin/sh;
			shellScript = "set -e\nSAVER_BUILT=\"${BUILT_PRODUCTS_DIR}/LiveSpace.saver\"\nDEST=\"${TARGET_BUILD_DIR}/${UNLOCALIZED_RESOURCES_FOLDER_PATH}/LiveSpace.saver\"\nmkdir -p \"$(dirname \"$DEST\")\"\nrm -rf \"$DEST\"\ncp -R \"$SAVER_BUILT\" \"$DEST\"\n";
		};
/* End PBXShellScriptBuildPhase section */

/* Begin PBXSourcesBuildPhase section */
		07D0398FCE8DA70DD26A4041 /* Sources */ = {
			isa = PBXSourcesBuildPhase;
			buildActionMask = 2147483647;
			files = (
				CF373F1F8DB39D9AF5D373C8 /* AppDelegate.swift in Sources */,
				21AD3BA3B815EED75E931D93 /* AppState.swift in Sources */,
				F22F343BD56B1FE23EEFAF83 /* ConfigStore.swift in Sources */,
				24A98CD0B1CDA3D05050FA1E /* ContentView.swift in Sources */,
				A5DB910031BE5D4BF36F463B /* DebugLog.swift in Sources */,
				64FCDD5608AF510DD91C796F /* HEVCTranscoder.swift in Sources */,
				5AA3475B6B5E8CFF5150D144 /* LaunchAtLogin.swift in Sources */,
				04309CEA5AA1BCA67C66240B /* LiveSpaceApp.swift in Sources */,
				1F50A92F26475EB7BFAE881B /* LockScreenSync.swift in Sources */,
				671BCD924A966CF981F64623 /* MenuBarController.swift in Sources */,
				83AE9F5C500955BB287C9863 /* PlaylistConfig.swift in Sources */,
				A68CBE0D648706FEDC3FFBCC /* PosterFrameSync.swift in Sources */,
				FB5A54F4E452DFA311B0AFAB /* RotationController.swift in Sources */,
				DAB0FA729FC08A754F61A759 /* RotationTrigger.swift in Sources */,
				E08522C3E9547B427F3A6941 /* SaverInstaller.swift in Sources */,
				83C06D01753F9A78B1F1EA3D /* ScreenLockObserver.swift in Sources */,
				6E2750F057FF83496BAAF4A3 /* WallpaperEngine.swift in Sources */,
				5955C2C2198789F1D06A0ABB /* WallpaperWindow.swift in Sources */,
				1B8AE655E1A4C5F964EA92C0 /* WindowOpener.swift in Sources */,
			);
			runOnlyForDeploymentPostprocessing = 0;
		};
		3245E6671343565BD4730CB0 /* Sources */ = {
			isa = PBXSourcesBuildPhase;
			buildActionMask = 2147483647;
			files = (
				8AE61524FD34F42687FB3ED0 /* ConfigStore.swift in Sources */,
				545A357BB883B8A57CC93A82 /* DebugLog.swift in Sources */,
				D29FB9E6DFF2C6A885652060 /* LiveSpaceSaverView.swift in Sources */,
				8D7A221AF0F847B8898E72D0 /* PlaylistConfig.swift in Sources */,
				B7563E2C46D49E7E40FE3B80 /* RotationTrigger.swift in Sources */,
			);
			runOnlyForDeploymentPostprocessing = 0;
		};
/* End PBXSourcesBuildPhase section */

/* Begin PBXTargetDependency section */
		24D9A42DB5E5ADF822909B78 /* PBXTargetDependency */ = {
			isa = PBXTargetDependency;
			target = C11450D1DF28B2CCF51805C7 /* LiveSpaceSaver */;
			targetProxy = 278F6FBE6AE6544D1FC2DF9D /* PBXContainerItemProxy */;
		};
/* End PBXTargetDependency section */

/* Begin XCBuildConfiguration section */
		2BDD0BDCFA6FC14885EB451F /* Release */ = {
			isa = XCBuildConfiguration;
			buildSettings = {
				COMBINE_HIDPI_IMAGES = YES;
				ENABLE_HARDENED_RUNTIME = YES;
				FRAMEWORK_SEARCH_PATHS = (
					"$(inherited)",
				);
				GENERATE_INFOPLIST_FILE = NO;
				INFOPLIST_FILE = LiveSpaceSaver/Info.plist;
				LD_RUNPATH_SEARCH_PATHS = (
					"$(inherited)",
					"@loader_path/../Frameworks",
				);
				PRODUCT_BUNDLE_IDENTIFIER = com.syntexco.livespace.saver;
				PRODUCT_MODULE_NAME = LiveSpaceSaverModule;
				PRODUCT_NAME = LiveSpace;
				SDKROOT = macosx;
				SKIP_INSTALL = YES;
				WRAPPER_EXTENSION = saver;
			};
			name = Release;
		};
		301283AEE94A609776DCC00E /* Debug */ = {
			isa = XCBuildConfiguration;
			buildSettings = {
				ASSETCATALOG_COMPILER_APPICON_NAME = AppIcon;
				COMBINE_HIDPI_IMAGES = YES;
				ENABLE_HARDENED_RUNTIME = YES;
				INFOPLIST_FILE = LiveSpace/Info.plist;
				LD_RUNPATH_SEARCH_PATHS = (
					"$(inherited)",
					"@executable_path/../Frameworks",
				);
				PRODUCT_BUNDLE_IDENTIFIER = com.syntexco.livespace;
				PRODUCT_NAME = LiveSpace;
				SDKROOT = macosx;
			};
			name = Debug;
		};
		69990FBC6E4E17F11D76191C /* Debug */ = {
			isa = XCBuildConfiguration;
			buildSettings = {
				COMBINE_HIDPI_IMAGES = YES;
				ENABLE_HARDENED_RUNTIME = YES;
				FRAMEWORK_SEARCH_PATHS = (
					"$(inherited)",
				);
				GENERATE_INFOPLIST_FILE = NO;
				INFOPLIST_FILE = LiveSpaceSaver/Info.plist;
				LD_RUNPATH_SEARCH_PATHS = (
					"$(inherited)",
					"@loader_path/../Frameworks",
				);
				PRODUCT_BUNDLE_IDENTIFIER = com.syntexco.livespace.saver;
				PRODUCT_MODULE_NAME = LiveSpaceSaverModule;
				PRODUCT_NAME = LiveSpace;
				SDKROOT = macosx;
				SKIP_INSTALL = YES;
				WRAPPER_EXTENSION = saver;
			};
			name = Debug;
		};
		DBB7A38DD6E93A4264BC03D4 /* Debug */ = {
			isa = XCBuildConfiguration;
			buildSettings = {
				ALWAYS_SEARCH_USER_PATHS = NO;
				CLANG_ANALYZER_NONNULL = YES;
				CLANG_ANALYZER_NUMBER_OBJECT_CONVERSION = YES_AGGRESSIVE;
				CLANG_CXX_LANGUAGE_STANDARD = "gnu++14";
				CLANG_CXX_LIBRARY = "libc++";
				CLANG_ENABLE_MODULES = YES;
				CLANG_ENABLE_OBJC_ARC = YES;
				CLANG_ENABLE_OBJC_WEAK = YES;
				CLANG_WARN_BLOCK_CAPTURE_AUTORELEASING = YES;
				CLANG_WARN_BOOL_CONVERSION = YES;
				CLANG_WARN_COMMA = YES;
				CLANG_WARN_CONSTANT_CONVERSION = YES;
				CLANG_WARN_DEPRECATED_OBJC_IMPLEMENTATIONS = YES;
				CLANG_WARN_DIRECT_OBJC_ISA_USAGE = YES_ERROR;
				CLANG_WARN_DOCUMENTATION_COMMENTS = YES;
				CLANG_WARN_EMPTY_BODY = YES;
				CLANG_WARN_ENUM_CONVERSION = YES;
				CLANG_WARN_INFINITE_RECURSION = YES;
				CLANG_WARN_INT_CONVERSION = YES;
				CLANG_WARN_NON_LITERAL_NULL_CONVERSION = YES;
				CLANG_WARN_OBJC_IMPLICIT_RETAIN_SELF = YES;
				CLANG_WARN_OBJC_LITERAL_CONVERSION = YES;
				CLANG_WARN_OBJC_ROOT_CLASS = YES_ERROR;
				CLANG_WARN_QUOTED_INCLUDE_IN_FRAMEWORK_HEADER = YES;
				CLANG_WARN_RANGE_LOOP_ANALYSIS = YES;
				CLANG_WARN_STRICT_PROTOTYPES = YES;
				CLANG_WARN_SUSPICIOUS_MOVE = YES;
				CLANG_WARN_UNGUARDED_AVAILABILITY = YES_AGGRESSIVE;
				CLANG_WARN_UNREACHABLE_CODE = YES;
				CLANG_WARN__DUPLICATE_METHOD_MATCH = YES;
				CODE_SIGN_IDENTITY = "Apple Development";
				CODE_SIGN_STYLE = Automatic;
				COPY_PHASE_STRIP = NO;
				CURRENT_PROJECT_VERSION = 1;
				DEBUG_INFORMATION_FORMAT = dwarf;
				DEVELOPMENT_TEAM = CL53882GFX;
				ENABLE_STRICT_OBJC_MSGSEND = YES;
				ENABLE_TESTABILITY = YES;
				GCC_C_LANGUAGE_STANDARD = gnu11;
				GCC_DYNAMIC_NO_PIC = NO;
				GCC_NO_COMMON_BLOCKS = YES;
				GCC_OPTIMIZATION_LEVEL = 0;
				GCC_PREPROCESSOR_DEFINITIONS = (
					"$(inherited)",
					"DEBUG=1",
				);
				GCC_WARN_64_TO_32_BIT_CONVERSION = YES;
				GCC_WARN_ABOUT_RETURN_TYPE = YES_ERROR;
				GCC_WARN_UNDECLARED_SELECTOR = YES;
				GCC_WARN_UNINITIALIZED_AUTOS = YES_AGGRESSIVE;
				GCC_WARN_UNUSED_FUNCTION = YES;
				GCC_WARN_UNUSED_VARIABLE = YES;
				MACOSX_DEPLOYMENT_TARGET = 14.0;
				MARKETING_VERSION = 1.0.0;
				MTL_ENABLE_DEBUG_INFO = INCLUDE_SOURCE;
				MTL_FAST_MATH = YES;
				ONLY_ACTIVE_ARCH = YES;
				PRODUCT_NAME = "$(TARGET_NAME)";
				SDKROOT = macosx;
				SWIFT_ACTIVE_COMPILATION_CONDITIONS = DEBUG;
				SWIFT_OPTIMIZATION_LEVEL = "-Onone";
				SWIFT_VERSION = 5.0;
			};
			name = Debug;
		};
		DF16DEE5438E92EF1EEF2881 /* Release */ = {
			isa = XCBuildConfiguration;
			buildSettings = {
				ALWAYS_SEARCH_USER_PATHS = NO;
				CLANG_ANALYZER_NONNULL = YES;
				CLANG_ANALYZER_NUMBER_OBJECT_CONVERSION = YES_AGGRESSIVE;
				CLANG_CXX_LANGUAGE_STANDARD = "gnu++14";
				CLANG_CXX_LIBRARY = "libc++";
				CLANG_ENABLE_MODULES = YES;
				CLANG_ENABLE_OBJC_ARC = YES;
				CLANG_ENABLE_OBJC_WEAK = YES;
				CLANG_WARN_BLOCK_CAPTURE_AUTORELEASING = YES;
				CLANG_WARN_BOOL_CONVERSION = YES;
				CLANG_WARN_COMMA = YES;
				CLANG_WARN_CONSTANT_CONVERSION = YES;
				CLANG_WARN_DEPRECATED_OBJC_IMPLEMENTATIONS = YES;
				CLANG_WARN_DIRECT_OBJC_ISA_USAGE = YES_ERROR;
				CLANG_WARN_DOCUMENTATION_COMMENTS = YES;
				CLANG_WARN_EMPTY_BODY = YES;
				CLANG_WARN_ENUM_CONVERSION = YES;
				CLANG_WARN_INFINITE_RECURSION = YES;
				CLANG_WARN_INT_CONVERSION = YES;
				CLANG_WARN_NON_LITERAL_NULL_CONVERSION = YES;
				CLANG_WARN_OBJC_IMPLICIT_RETAIN_SELF = YES;
				CLANG_WARN_OBJC_LITERAL_CONVERSION = YES;
				CLANG_WARN_OBJC_ROOT_CLASS = YES_ERROR;
				CLANG_WARN_QUOTED_INCLUDE_IN_FRAMEWORK_HEADER = YES;
				CLANG_WARN_RANGE_LOOP_ANALYSIS = YES;
				CLANG_WARN_STRICT_PROTOTYPES = YES;
				CLANG_WARN_SUSPICIOUS_MOVE = YES;
				CLANG_WARN_UNGUARDED_AVAILABILITY = YES_AGGRESSIVE;
				CLANG_WARN_UNREACHABLE_CODE = YES;
				CLANG_WARN__DUPLICATE_METHOD_MATCH = YES;
				CODE_SIGN_IDENTITY = "Apple Development";
				CODE_SIGN_STYLE = Automatic;
				COPY_PHASE_STRIP = NO;
				CURRENT_PROJECT_VERSION = 1;
				DEBUG_INFORMATION_FORMAT = "dwarf-with-dsym";
				DEVELOPMENT_TEAM = CL53882GFX;
				ENABLE_NS_ASSERTIONS = NO;
				ENABLE_STRICT_OBJC_MSGSEND = YES;
				GCC_C_LANGUAGE_STANDARD = gnu11;
				GCC_NO_COMMON_BLOCKS = YES;
				GCC_WARN_64_TO_32_BIT_CONVERSION = YES;
				GCC_WARN_ABOUT_RETURN_TYPE = YES_ERROR;
				GCC_WARN_UNDECLARED_SELECTOR = YES;
				GCC_WARN_UNINITIALIZED_AUTOS = YES_AGGRESSIVE;
				GCC_WARN_UNUSED_FUNCTION = YES;
				GCC_WARN_UNUSED_VARIABLE = YES;
				MACOSX_DEPLOYMENT_TARGET = 14.0;
				MARKETING_VERSION = 1.0.0;
				MTL_ENABLE_DEBUG_INFO = NO;
				MTL_FAST_MATH = YES;
				PRODUCT_NAME = "$(TARGET_NAME)";
				SDKROOT = macosx;
				SWIFT_COMPILATION_MODE = wholemodule;
				SWIFT_OPTIMIZATION_LEVEL = "-O";
				SWIFT_VERSION = 5.0;
			};
			name = Release;
		};
		FEF91221A7C1144D0ED4AD28 /* Release */ = {
			isa = XCBuildConfiguration;
			buildSettings = {
				ASSETCATALOG_COMPILER_APPICON_NAME = AppIcon;
				COMBINE_HIDPI_IMAGES = YES;
				ENABLE_HARDENED_RUNTIME = YES;
				INFOPLIST_FILE = LiveSpace/Info.plist;
				LD_RUNPATH_SEARCH_PATHS = (
					"$(inherited)",
					"@executable_path/../Frameworks",
				);
				PRODUCT_BUNDLE_IDENTIFIER = com.syntexco.livespace;
				PRODUCT_NAME = LiveSpace;
				SDKROOT = macosx;
			};
			name = Release;
		};
/* End XCBuildConfiguration section */

/* Begin XCConfigurationList section */
		6806ABBBD643BD92A2671265 /* Build configuration list for PBXNativeTarget "LiveSpace" */ = {
			isa = XCConfigurationList;
			buildConfigurations = (
				301283AEE94A609776DCC00E /* Debug */,
				FEF91221A7C1144D0ED4AD28 /* Release */,
			);
			defaultConfigurationIsVisible = 0;
			defaultConfigurationName = Debug;
		};
		B9B7FFB1764A26552DEC8BF7 /* Build configuration list for PBXNativeTarget "LiveSpaceSaver" */ = {
			isa = XCConfigurationList;
			buildConfigurations = (
				69990FBC6E4E17F11D76191C /* Debug */,
				2BDD0BDCFA6FC14885EB451F /* Release */,
			);
			defaultConfigurationIsVisible = 0;
			defaultConfigurationName = Debug;
		};
		C921258BAC7035D8CBD2DF8D /* Build configuration list for PBXProject "LiveSpace" */ = {
			isa = XCConfigurationList;
			buildConfigurations = (
				DBB7A38DD6E93A4264BC03D4 /* Debug */,
				DF16DEE5438E92EF1EEF2881 /* Release */,
			);
			defaultConfigurationIsVisible = 0;
			defaultConfigurationName = Debug;
		};
/* End XCConfigurationList section */
	};
	rootObject = 8902BC2AFF63E49EC470E442 /* Project object */;
}
